
Microsoft Visual Studio Solution File, Format Version 12.00
# Visual Studio 15
VisualStudioVersion = 15.0.26730.16
MinimumVisualStudioVersion = 10.0.40219.1
Project("{8BC9CEB8-8B4A-11D0-8D11-00A0C91BC942}") = "学生管理系统", "学生管理系统\学生管理系统.vcxproj", "{E0EC9011-BC54-4DD6-B821-44C3E1868518}"
EndProject
Project("{8BC9CEB8-8B4A-11D0-8D11-00A0C91BC942}") = "UnitTest1", "UnitTest1\UnitTest1.vcxproj", "{CE14124E-ED42-4F07-A3C5-D102E6BC0747}"
	ProjectSection(ProjectDependencies) = postProject
		{E0EC9011-BC54-4DD6-B821-44C3E1868518} = {E0EC9011-BC54-4DD6-B821-44C3E1868518}
	EndProjectSection
EndProject
Global
	GlobalSection(SolutionConfigurationPlatforms) = preSolution
		Debug|Win32 = Debug|Win32
		Debug|x64 = Debug|x64
		Debug|x86 = Debug|x86
		Release|Win32 = Release|Win32
		Release|x64 = Release|x64
		Release|x86 = Release|x86
	EndGlobalSection
	GlobalSection(ProjectConfigurationPlatforms) = postSolution
		{E0EC9011-BC54-4DD6-B821-44C3E1868518}.Debug|Win32.ActiveCfg = Debug|Win32
		{E0EC9011-BC54-4DD6-B821-44C3E1868518}.Debug|Win32.Build.0 = Debug|Win32
		{E0EC9011-BC54-4DD6-B821-44C3E1868518}.Debug|x64.ActiveCfg = Debug|x64
		{E0EC9011-BC54-4DD6-B821-44C3E1868518}.Debug|x64.Build.0 = Debug|x64
		{E0EC9011-BC54-4DD6-B821-44C3E1868518}.Debug|x86.ActiveCfg = Debug|Win32
		{E0EC9011-BC54-4DD6-B821-44C3E1868518}.Debug|x86.Build.0 = Debug|Win32
		{E0EC9011-BC54-4DD6-B821-44C3E1868518}.Release|Win32.ActiveCfg = Release|Win32
		{E0EC9011-BC54-4DD6-B821-44C3E1868518}.Release|Win32.Build.0 = Release|Win32
		{E0EC9011-BC54-4DD6-B821-44C3E1868518}.Release|x64.ActiveCfg = Release|x64
		{E0EC9011-BC54-4DD6-B821-44C3E1868518}.Release|x64.Build.0 = Release|x64
		{E0EC9011-BC54-4DD6-B821-44C3E1868518}.Release|x86.ActiveCfg = Release|Win32
		{E0EC9011-BC54-4DD6-B821-44C3E1868518}.Release|x86.Build.0 = Release|Win32
		{CE14124E-ED42-4F07-A3C5-D102E6BC0747}.Debug|Win32.ActiveCfg = Debug|Win32
		{CE14124E-ED42-4F07-A3C5-D102E6BC0747}.Debug|Win32.Build.0 = Debug|Win32
		{CE14124E-ED42-4F07-A3C5-D102E6BC0747}.Debug|Win32.Deploy.0 = Debug|Win32
		{CE14124E-ED42-4F07-A3C5-D102E6BC0747}.Debug|x64.ActiveCfg = Debug|x64
		{CE14124E-ED42-4F07-A3C5-D102E6BC0747}.Debug|x64.Build.0 = Debug|x64
		{CE14124E-ED42-4F07-A3C5-D102E6BC0747}.Debug|x86.ActiveCfg = Debug|Win32
		{CE14124E-ED42-4F07-A3C5-D102E6BC0747}.Debug|x86.Build.0 = Debug|Win32
		{CE14124E-ED42-4F07-A3C5-D102E6BC0747}.Release|Win32.ActiveCfg = Release|Win32
		{CE14124E-ED42-4F07-A3C5-D102E6BC0747}.Release|Win32.Build.0 = Release|Win32
		{CE14124E-ED42-4F07-A3C5-D102E6BC0747}.Release|x64.ActiveCfg = Release|x64
		{CE14124E-ED42-4F07-A3C5-D102E6BC0747}.Release|x64.Build.0 = Release|x64
		{CE14124E-ED42-4F07-A3C5-D102E6BC0747}.Release|x86.ActiveCfg = Release|Win32
		{CE14124E-ED42-4F07-A3C5-D102E6BC0747}.Release|x86.Build.0 = Release|Win32
	EndGlobalSection
	GlobalSection(SolutionProperties) = preSolution
		HideSolutionNode = FALSE
	EndGlobalSection
	GlobalSection(ExtensibilityGlobals) = postSolution
		SolutionGuid = {E27F2BF9-AC52-481B-9BB9-0BD54838E428}
	EndGlobalSection
EndGlobal
